
Microsoft Visual Studio Solution File, Format Version 12.00
# Visual Studio Version 17
VisualStudioVersion = 17.12.35514.174
MinimumVisualStudioVersion = 10.0.40219.1
Project("{FAE04EC0-301F-11D3-BF4B-00C04F79EFBC}") = "RegionalTaxi", "RegionalTaxi\RegionalTaxi.csproj", "{2AD2CC89-6B52-4CDF-8BCC-3AB9701BC902}"
EndProject
Project("{FAE04EC0-301F-11D3-BF4B-00C04F79EFBC}") = "RegionalTaxi.Domain", "RegionalTaxi.Domain\RegionalTaxi.Domain.csproj", "{4A3F3919-FE75-4D4D-A434-6DE635A6508D}"
EndProject
Project("{FAE04EC0-301F-11D3-BF4B-00C04F79EFBC}") = "RegionalTaxi.Application", "RegionalTaxi.Application\RegionalTaxi.Application.csproj", "{EBF18241-E7D0-46FF-A8E3-4A6770B0964F}"
EndProject
Global
	GlobalSection(SolutionConfigurationPlatforms) = preSolution
		Debug|Any CPU = Debug|Any CPU
		Release|Any CPU = Release|Any CPU
	EndGlobalSection
	GlobalSection(ProjectConfigurationPlatforms) = postSolution
		{2AD2CC89-6B52-4CDF-8BCC-3AB9701BC902}.Debug|Any CPU.ActiveCfg = Debug|Any CPU
		{2AD2CC89-6B52-4CDF-8BCC-3AB9701BC902}.Debug|Any CPU.Build.0 = Debug|Any CPU
		{2AD2CC89-6B52-4CDF-8BCC-3AB9701BC902}.Release|Any CPU.ActiveCfg = Release|Any CPU
		{2AD2CC89-6B52-4CDF-8BCC-3AB9701BC902}.Release|Any CPU.Build.0 = Release|Any CPU
		{4A3F3919-FE75-4D4D-A434-6DE635A6508D}.Debug|Any CPU.ActiveCfg = Debug|Any CPU
		{4A3F3919-FE75-4D4D-A434-6DE635A6508D}.Debug|Any CPU.Build.0 = Debug|Any CPU
		{4A3F3919-FE75-4D4D-A434-6DE635A6508D}.Release|Any CPU.ActiveCfg = Release|Any CPU
		{4A3F3919-FE75-4D4D-A434-6DE635A6508D}.Release|Any CPU.Build.0 = Release|Any CPU
		{EBF18241-E7D0-46FF-A8E3-4A6770B0964F}.Debug|Any CPU.ActiveCfg = Debug|Any CPU
		{EBF18241-E7D0-46FF-A8E3-4A6770B0964F}.Debug|Any CPU.Build.0 = Debug|Any CPU
		{EBF18241-E7D0-46FF-A8E3-4A6770B0964F}.Release|Any CPU.ActiveCfg = Release|Any CPU
		{EBF18241-E7D0-46FF-A8E3-4A6770B0964F}.Release|Any CPU.Build.0 = Release|Any CPU
	EndGlobalSection
	GlobalSection(SolutionProperties) = preSolution
		HideSolutionNode = FALSE
	EndGlobalSection
EndGlobal
